
Microsoft Visual Studio Solution File, Format Version 12.00
# Visual Studio Version 17
VisualStudioVersion = 17.14.36429.23
MinimumVisualStudioVersion = 10.0.40219.1
Project("{FAE04EC0-301F-11D3-BF4B-00C04F79EFBC}") = "Abstracciones", "Abstracciones\Abstracciones.csproj", "{35604C9E-8633-4BE4-BD84-2FCA26739795}"
EndProject
Project("{FAE04EC0-301F-11D3-BF4B-00C04F79EFBC}") = "Reglas", "Reglas\Reglas.csproj", "{3B6DC37C-67F7-46CC-9624-5D27295B3BFB}"
EndProject
Project("{FAE04EC0-301F-11D3-BF4B-00C04F79EFBC}") = "Web", "Web\Web.csproj", "{0187E786-E9D5-4D87-B061-7C91CC19A7DF}"
EndProject
Global
	GlobalSection(SolutionConfigurationPlatforms) = preSolution
		Debug|Any CPU = Debug|Any CPU
		Release|Any CPU = Release|Any CPU
	EndGlobalSection
	GlobalSection(ProjectConfigurationPlatforms) = postSolution
		{35604C9E-8633-4BE4-BD84-2FCA26739795}.Debug|Any CPU.ActiveCfg = Debug|Any CPU
		{35604C9E-8633-4BE4-BD84-2FCA26739795}.Debug|Any CPU.Build.0 = Debug|Any CPU
		{35604C9E-8633-4BE4-BD84-2FCA26739795}.Release|Any CPU.ActiveCfg = Release|Any CPU
		{35604C9E-8633-4BE4-BD84-2FCA26739795}.Release|Any CPU.Build.0 = Release|Any CPU
		{3B6DC37C-67F7-46CC-9624-5D27295B3BFB}.Debug|Any CPU.ActiveCfg = Debug|Any CPU
		{3B6DC37C-67F7-46CC-9624-5D27295B3BFB}.Debug|Any CPU.Build.0 = Debug|Any CPU
		{3B6DC37C-67F7-46CC-9624-5D27295B3BFB}.Release|Any CPU.ActiveCfg = Release|Any CPU
		{3B6DC37C-67F7-46CC-9624-5D27295B3BFB}.Release|Any CPU.Build.0 = Release|Any CPU
		{0187E786-E9D5-4D87-B061-7C91CC19A7DF}.Debug|Any CPU.ActiveCfg = Debug|Any CPU
		{0187E786-E9D5-4D87-B061-7C91CC19A7DF}.Debug|Any CPU.Build.0 = Debug|Any CPU
		{0187E786-E9D5-4D87-B061-7C91CC19A7DF}.Release|Any CPU.ActiveCfg = Release|Any CPU
		{0187E786-E9D5-4D87-B061-7C91CC19A7DF}.Release|Any CPU.Build.0 = Release|Any CPU
	EndGlobalSection
	GlobalSection(SolutionProperties) = preSolution
		HideSolutionNode = FALSE
	EndGlobalSection
	GlobalSection(ExtensibilityGlobals) = postSolution
		SolutionGuid = {9E3F1084-F13B-43C1-83A9-84FF207F0693}
	EndGlobalSection
EndGlobal
